
Microsoft Visual Studio Solution File, Format Version 12.00
# Visual Studio Version 16
VisualStudioVersion = 16.0.30709.132
MinimumVisualStudioVersion = 10.0.40219.1
Project("{FAE04EC0-301F-11D3-BF4B-00C04F79EFBC}") = "CoreDepartman2", "CoreDepartman2\CoreDepartman2.csproj", "{D8EC64F2-E931-4800-895D-00359B71BD2B}"
EndProject
Global
	GlobalSection(SolutionConfigurationPlatforms) = preSolution
		Debug|Any CPU = Debug|Any CPU
		Release|Any CPU = Release|Any CPU
	EndGlobalSection
	GlobalSection(ProjectConfigurationPlatforms) = postSolution
		{D8EC64F2-E931-4800-895D-00359B71BD2B}.Debug|Any CPU.ActiveCfg = Debug|Any CPU
		{D8EC64F2-E931-4800-895D-00359B71BD2B}.Debug|Any CPU.Build.0 = Debug|Any CPU
		{D8EC64F2-E931-4800-895D-00359B71BD2B}.Release|Any CPU.ActiveCfg = Release|Any CPU
		{D8EC64F2-E931-4800-895D-00359B71BD2B}.Release|Any CPU.Build.0 = Release|Any CPU
	EndGlobalSection
	GlobalSection(SolutionProperties) = preSolution
		HideSolutionNode = FALSE
	EndGlobalSection
	GlobalSection(ExtensibilityGlobals) = postSolution
		SolutionGuid = {CA9E15CF-DE81-4668-9992-7BFC8D63E3B7}
	EndGlobalSection
EndGlobal
